
Microsoft Visual Studio Solution File, Format Version 12.00
# Visual Studio 14
VisualStudioVersion = 14.0.22609.0
MinimumVisualStudioVersion = 10.0.40219.1
Project("{FAE04EC0-301F-11D3-BF4B-00C04F79EFBC}") = "SnippetMaker", "SnippetMaker\SnippetMaker.csproj", "{456B2ED6-C5E0-4419-8E96-60B37E18B142}"
EndProject
Project("{FAE04EC0-301F-11D3-BF4B-00C04F79EFBC}") = "Utilities", "Utilities\Utilities.csproj", "{802E4394-9BEE-4C2C-A15A-C67A6FE14B6F}"
EndProject
Project("{FAE04EC0-301F-11D3-BF4B-00C04F79EFBC}") = "ConsoleHitter", "ConsoleHitter\ConsoleHitter.csproj", "{AAB01F16-E441-4CF5-8F38-D43079BFCAF0}"
EndProject
Global
	GlobalSection(SolutionConfigurationPlatforms) = preSolution
		Debug|Any CPU = Debug|Any CPU
		Release|Any CPU = Release|Any CPU
	EndGlobalSection
	GlobalSection(ProjectConfigurationPlatforms) = postSolution
		{456B2ED6-C5E0-4419-8E96-60B37E18B142}.Debug|Any CPU.ActiveCfg = Debug|Any CPU
		{456B2ED6-C5E0-4419-8E96-60B37E18B142}.Debug|Any CPU.Build.0 = Debug|Any CPU
		{456B2ED6-C5E0-4419-8E96-60B37E18B142}.Release|Any CPU.ActiveCfg = Release|Any CPU
		{456B2ED6-C5E0-4419-8E96-60B37E18B142}.Release|Any CPU.Build.0 = Release|Any CPU
		{802E4394-9BEE-4C2C-A15A-C67A6FE14B6F}.Debug|Any CPU.ActiveCfg = Debug|Any CPU
		{802E4394-9BEE-4C2C-A15A-C67A6FE14B6F}.Debug|Any CPU.Build.0 = Debug|Any CPU
		{802E4394-9BEE-4C2C-A15A-C67A6FE14B6F}.Release|Any CPU.ActiveCfg = Release|Any CPU
		{802E4394-9BEE-4C2C-A15A-C67A6FE14B6F}.Release|Any CPU.Build.0 = Release|Any CPU
		{AAB01F16-E441-4CF5-8F38-D43079BFCAF0}.Debug|Any CPU.ActiveCfg = Debug|Any CPU
		{AAB01F16-E441-4CF5-8F38-D43079BFCAF0}.Debug|Any CPU.Build.0 = Debug|Any CPU
		{AAB01F16-E441-4CF5-8F38-D43079BFCAF0}.Release|Any CPU.ActiveCfg = Release|Any CPU
		{AAB01F16-E441-4CF5-8F38-D43079BFCAF0}.Release|Any CPU.Build.0 = Release|Any CPU
	EndGlobalSection
	GlobalSection(SolutionProperties) = preSolution
		HideSolutionNode = FALSE
	EndGlobalSection
EndGlobal
